
Microsoft Visual Studio Solution File, Format Version 12.00
# Visual Studio Version 16
VisualStudioVersion = 16.0.30907.101
MinimumVisualStudioVersion = 10.0.40219.1
Project("{2150E333-8FDC-42A3-9474-1A3956D46DE8}") = "DecisionStructure", "DecisionStructure", "{DC2B6809-8C1D-41A5-80E5-8C26246E018A}"
EndProject
Project("{9A19103F-16F7-4668-BE54-9A1E7A4F7556}") = "PollutionIndex", "PollutionIndex\PollutionIndex.csproj", "{59960F38-A953-4F31-81AC-DE1A3B2482E9}"
EndProject
Project("{9A19103F-16F7-4668-BE54-9A1E7A4F7556}") = "CoinToss", "CoinToss\CoinToss.csproj", "{473E9953-4EE8-4825-B8BA-6736B520C5B0}"
EndProject
Project("{9A19103F-16F7-4668-BE54-9A1E7A4F7556}") = "LeapYear", "LeapYear\LeapYear.csproj", "{FD029C17-2D38-4EC6-A0FC-7BBFA547B701}"
EndProject
Project("{9A19103F-16F7-4668-BE54-9A1E7A4F7556}") = "RockPaperScissor", "RockPaperScissor\RockPaperScissor.csproj", "{3C48A2AD-61AA-4DCA-96AA-6F21D40E7644}"
EndProject
Project("{9A19103F-16F7-4668-BE54-9A1E7A4F7556}") = "HoldOnToYourHats", "HoldOnToYourHats\HoldOnToYourHats.csproj", "{D7D0C4F8-A47B-49E2-B012-3E3CCFEEDE0B}"
EndProject
Project("{9A19103F-16F7-4668-BE54-9A1E7A4F7556}") = "InternetServiceProviderPackages", "InternetServiceProviderPackages\InternetServiceProviderPackages.csproj", "{BB328A64-09A5-4777-AD57-58DA17F9515B}"
EndProject
Project("{2150E333-8FDC-42A3-9474-1A3956D46DE8}") = "Loops", "Loops", "{35CC72C4-0B34-460A-A710-AB5F269E4D5C}"
EndProject
Project("{FAE04EC0-301F-11D3-BF4B-00C04F79EFBC}") = "RepeatAdditionQuestion", "RepeatAdditionQuestion\RepeatAdditionQuestion.csproj", "{834935CA-EEF5-48CF-913D-E4A3DE698BB5}"
EndProject
Project("{FAE04EC0-301F-11D3-BF4B-00C04F79EFBC}") = "GuessNumberOneTime", "GuessNumberOneTime\GuessNumberOneTime.csproj", "{5E228FAD-2D5A-4DEF-91D6-F5BAB2CAA183}"
EndProject
Project("{FAE04EC0-301F-11D3-BF4B-00C04F79EFBC}") = "GuessNumber", "GuessNumber\GuessNumber.csproj", "{CF55C255-1F73-4E58-9F73-6833C9497C76}"
EndProject
Global
	GlobalSection(SolutionConfigurationPlatforms) = preSolution
		Debug|Any CPU = Debug|Any CPU
		Release|Any CPU = Release|Any CPU
	EndGlobalSection
	GlobalSection(ProjectConfigurationPlatforms) = postSolution
		{59960F38-A953-4F31-81AC-DE1A3B2482E9}.Debug|Any CPU.ActiveCfg = Debug|Any CPU
		{59960F38-A953-4F31-81AC-DE1A3B2482E9}.Debug|Any CPU.Build.0 = Debug|Any CPU
		{59960F38-A953-4F31-81AC-DE1A3B2482E9}.Release|Any CPU.ActiveCfg = Release|Any CPU
		{59960F38-A953-4F31-81AC-DE1A3B2482E9}.Release|Any CPU.Build.0 = Release|Any CPU
		{473E9953-4EE8-4825-B8BA-6736B520C5B0}.Debug|Any CPU.ActiveCfg = Debug|Any CPU
		{473E9953-4EE8-4825-B8BA-6736B520C5B0}.Debug|Any CPU.Build.0 = Debug|Any CPU
		{473E9953-4EE8-4825-B8BA-6736B520C5B0}.Release|Any CPU.ActiveCfg = Release|Any CPU
		{473E9953-4EE8-4825-B8BA-6736B520C5B0}.Release|Any CPU.Build.0 = Release|Any CPU
		{FD029C17-2D38-4EC6-A0FC-7BBFA547B701}.Debug|Any CPU.ActiveCfg = Debug|Any CPU
		{FD029C17-2D38-4EC6-A0FC-7BBFA547B701}.Debug|Any CPU.Build.0 = Debug|Any CPU
		{FD029C17-2D38-4EC6-A0FC-7BBFA547B701}.Release|Any CPU.ActiveCfg = Release|Any CPU
		{FD029C17-2D38-4EC6-A0FC-7BBFA547B701}.Release|Any CPU.Build.0 = Release|Any CPU
		{3C48A2AD-61AA-4DCA-96AA-6F21D40E7644}.Debug|Any CPU.ActiveCfg = Debug|Any CPU
		{3C48A2AD-61AA-4DCA-96AA-6F21D40E7644}.Debug|Any CPU.Build.0 = Debug|Any CPU
		{3C48A2AD-61AA-4DCA-96AA-6F21D40E7644}.Release|Any CPU.ActiveCfg = Release|Any CPU
		{3C48A2AD-61AA-4DCA-96AA-6F21D40E7644}.Release|Any CPU.Build.0 = Release|Any CPU
		{D7D0C4F8-A47B-49E2-B012-3E3CCFEEDE0B}.Debug|Any CPU.ActiveCfg = Debug|Any CPU
		{D7D0C4F8-A47B-49E2-B012-3E3CCFEEDE0B}.Debug|Any CPU.Build.0 = Debug|Any CPU
		{D7D0C4F8-A47B-49E2-B012-3E3CCFEEDE0B}.Release|Any CPU.ActiveCfg = Release|Any CPU
		{D7D0C4F8-A47B-49E2-B012-3E3CCFEEDE0B}.Release|Any CPU.Build.0 = Release|Any CPU
		{BB328A64-09A5-4777-AD57-58DA17F9515B}.Debug|Any CPU.ActiveCfg = Debug|Any CPU
		{BB328A64-09A5-4777-AD57-58DA17F9515B}.Debug|Any CPU.Build.0 = Debug|Any CPU
		{BB328A64-09A5-4777-AD57-58DA17F9515B}.Release|Any CPU.ActiveCfg = Release|Any CPU
		{BB328A64-09A5-4777-AD57-58DA17F9515B}.Release|Any CPU.Build.0 = Release|Any CPU
		{834935CA-EEF5-48CF-913D-E4A3DE698BB5}.Debug|Any CPU.ActiveCfg = Debug|Any CPU
		{834935CA-EEF5-48CF-913D-E4A3DE698BB5}.Debug|Any CPU.Build.0 = Debug|Any CPU
		{834935CA-EEF5-48CF-913D-E4A3DE698BB5}.Release|Any CPU.ActiveCfg = Release|Any CPU
		{834935CA-EEF5-48CF-913D-E4A3DE698BB5}.Release|Any CPU.Build.0 = Release|Any CPU
		{5E228FAD-2D5A-4DEF-91D6-F5BAB2CAA183}.Debug|Any CPU.ActiveCfg = Debug|Any CPU
		{5E228FAD-2D5A-4DEF-91D6-F5BAB2CAA183}.Debug|Any CPU.Build.0 = Debug|Any CPU
		{5E228FAD-2D5A-4DEF-91D6-F5BAB2CAA183}.Release|Any CPU.ActiveCfg = Release|Any CPU
		{5E228FAD-2D5A-4DEF-91D6-F5BAB2CAA183}.Release|Any CPU.Build.0 = Release|Any CPU
		{CF55C255-1F73-4E58-9F73-6833C9497C76}.Debug|Any CPU.ActiveCfg = Debug|Any CPU
		{CF55C255-1F73-4E58-9F73-6833C9497C76}.Debug|Any CPU.Build.0 = Debug|Any CPU
		{CF55C255-1F73-4E58-9F73-6833C9497C76}.Release|Any CPU.ActiveCfg = Release|Any CPU
		{CF55C255-1F73-4E58-9F73-6833C9497C76}.Release|Any CPU.Build.0 = Release|Any CPU
	EndGlobalSection
	GlobalSection(SolutionProperties) = preSolution
		HideSolutionNode = FALSE
	EndGlobalSection
	GlobalSection(NestedProjects) = preSolution
		{59960F38-A953-4F31-81AC-DE1A3B2482E9} = {DC2B6809-8C1D-41A5-80E5-8C26246E018A}
		{473E9953-4EE8-4825-B8BA-6736B520C5B0} = {DC2B6809-8C1D-41A5-80E5-8C26246E018A}
		{FD029C17-2D38-4EC6-A0FC-7BBFA547B701} = {DC2B6809-8C1D-41A5-80E5-8C26246E018A}
		{3C48A2AD-61AA-4DCA-96AA-6F21D40E7644} = {DC2B6809-8C1D-41A5-80E5-8C26246E018A}
		{D7D0C4F8-A47B-49E2-B012-3E3CCFEEDE0B} = {DC2B6809-8C1D-41A5-80E5-8C26246E018A}
		{BB328A64-09A5-4777-AD57-58DA17F9515B} = {DC2B6809-8C1D-41A5-80E5-8C26246E018A}
		{834935CA-EEF5-48CF-913D-E4A3DE698BB5} = {35CC72C4-0B34-460A-A710-AB5F269E4D5C}
		{5E228FAD-2D5A-4DEF-91D6-F5BAB2CAA183} = {DC2B6809-8C1D-41A5-80E5-8C26246E018A}
		{CF55C255-1F73-4E58-9F73-6833C9497C76} = {35CC72C4-0B34-460A-A710-AB5F269E4D5C}
	EndGlobalSection
	GlobalSection(ExtensibilityGlobals) = postSolution
		SolutionGuid = {371152C0-7764-447D-9046-16D89BF48283}
	EndGlobalSection
EndGlobal
