
Microsoft Visual Studio Solution File, Format Version 12.00
# Visual Studio Version 16
VisualStudioVersion = 16.0.30907.101
MinimumVisualStudioVersion = 10.0.40219.1
Project("{2150E333-8FDC-42A3-9474-1A3956D46DE8}") = "DecisionStructure", "DecisionStructure", "{DC2B6809-8C1D-41A5-80E5-8C26246E018A}"
EndProject
Project("{9A19103F-16F7-4668-BE54-9A1E7A4F7556}") = "PollutionIndex", "PollutionIndex\PollutionIndex.csproj", "{59960F38-A953-4F31-81AC-DE1A3B2482E9}"
EndProject
Project("{FAE04EC0-301F-11D3-BF4B-00C04F79EFBC}") = "CoinToss", "CoinToss\CoinToss.csproj", "{473E9953-4EE8-4825-B8BA-6736B520C5B0}"
EndProject
Global
	GlobalSection(SolutionConfigurationPlatforms) = preSolution
		Debug|Any CPU = Debug|Any CPU
		Release|Any CPU = Release|Any CPU
	EndGlobalSection
	GlobalSection(ProjectConfigurationPlatforms) = postSolution
		{59960F38-A953-4F31-81AC-DE1A3B2482E9}.Debug|Any CPU.ActiveCfg = Debug|Any CPU
		{59960F38-A953-4F31-81AC-DE1A3B2482E9}.Debug|Any CPU.Build.0 = Debug|Any CPU
		{59960F38-A953-4F31-81AC-DE1A3B2482E9}.Release|Any CPU.ActiveCfg = Release|Any CPU
		{59960F38-A953-4F31-81AC-DE1A3B2482E9}.Release|Any CPU.Build.0 = Release|Any CPU
		{473E9953-4EE8-4825-B8BA-6736B520C5B0}.Debug|Any CPU.ActiveCfg = Debug|Any CPU
		{473E9953-4EE8-4825-B8BA-6736B520C5B0}.Debug|Any CPU.Build.0 = Debug|Any CPU
		{473E9953-4EE8-4825-B8BA-6736B520C5B0}.Release|Any CPU.ActiveCfg = Release|Any CPU
		{473E9953-4EE8-4825-B8BA-6736B520C5B0}.Release|Any CPU.Build.0 = Release|Any CPU
	EndGlobalSection
	GlobalSection(SolutionProperties) = preSolution
		HideSolutionNode = FALSE
	EndGlobalSection
	GlobalSection(NestedProjects) = preSolution
		{59960F38-A953-4F31-81AC-DE1A3B2482E9} = {DC2B6809-8C1D-41A5-80E5-8C26246E018A}
		{473E9953-4EE8-4825-B8BA-6736B520C5B0} = {DC2B6809-8C1D-41A5-80E5-8C26246E018A}
	EndGlobalSection
	GlobalSection(ExtensibilityGlobals) = postSolution
		SolutionGuid = {371152C0-7764-447D-9046-16D89BF48283}
	EndGlobalSection
EndGlobal
