
Microsoft Visual Studio Solution File, Format Version 12.00
# Visual Studio Version 16
VisualStudioVersion = 16.0.30907.101
MinimumVisualStudioVersion = 10.0.40219.1
Project("{2150E333-8FDC-42A3-9474-1A3956D46DE8}") = "DecisionStructure", "DecisionStructure", "{DC2B6809-8C1D-41A5-80E5-8C26246E018A}"
EndProject
Project("{9A19103F-16F7-4668-BE54-9A1E7A4F7556}") = "PollutionIndex", "PollutionIndex\PollutionIndex.csproj", "{59960F38-A953-4F31-81AC-DE1A3B2482E9}"
EndProject
Project("{9A19103F-16F7-4668-BE54-9A1E7A4F7556}") = "CoinToss", "CoinToss\CoinToss.csproj", "{473E9953-4EE8-4825-B8BA-6736B520C5B0}"
EndProject
Project("{9A19103F-16F7-4668-BE54-9A1E7A4F7556}") = "LeapYear", "LeapYear\LeapYear.csproj", "{FD029C17-2D38-4EC6-A0FC-7BBFA547B701}"
EndProject
Project("{9A19103F-16F7-4668-BE54-9A1E7A4F7556}") = "RockPaperScissor", "RockPaperScissor\RockPaperScissor.csproj", "{3C48A2AD-61AA-4DCA-96AA-6F21D40E7644}"
EndProject
Project("{9A19103F-16F7-4668-BE54-9A1E7A4F7556}") = "HoldOnToYourHats", "HoldOnToYourHats\HoldOnToYourHats.csproj", "{D7D0C4F8-A47B-49E2-B012-3E3CCFEEDE0B}"
EndProject
Project("{9A19103F-16F7-4668-BE54-9A1E7A4F7556}") = "InternetServiceProviderPackages", "InternetServiceProviderPackages\InternetServiceProviderPackages.csproj", "{BB328A64-09A5-4777-AD57-58DA17F9515B}"
EndProject
Project("{2150E333-8FDC-42A3-9474-1A3956D46DE8}") = "Loops", "Loops", "{35CC72C4-0B34-460A-A710-AB5F269E4D5C}"
EndProject
Project("{9A19103F-16F7-4668-BE54-9A1E7A4F7556}") = "RepeatAdditionQuestion", "RepeatAdditionQuestion\RepeatAdditionQuestion.csproj", "{834935CA-EEF5-48CF-913D-E4A3DE698BB5}"
EndProject
Project("{9A19103F-16F7-4668-BE54-9A1E7A4F7556}") = "GuessNumberOneTime", "GuessNumberOneTime\GuessNumberOneTime.csproj", "{5E228FAD-2D5A-4DEF-91D6-F5BAB2CAA183}"
EndProject
Project("{9A19103F-16F7-4668-BE54-9A1E7A4F7556}") = "GuessNumber", "GuessNumber\GuessNumber.csproj", "{CF55C255-1F73-4E58-9F73-6833C9497C76}"
EndProject
Project("{9A19103F-16F7-4668-BE54-9A1E7A4F7556}") = "FilledRectanglePattern", "FilledRectanglePattern\FilledRectanglePattern.csproj", "{6EA78688-EF93-4B36-9477-8A716988AEC2}"
EndProject
Project("{9A19103F-16F7-4668-BE54-9A1E7A4F7556}") = "LoopsProblems1", "LoopsProblems1\LoopsProblems1.csproj", "{2AD5DCB0-17C3-4A73-8622-A4418346497C}"
EndProject
Project("{9A19103F-16F7-4668-BE54-9A1E7A4F7556}") = "MathTutor01", "MathTutor01\MathTutor01.csproj", "{D2F67F15-004C-4EA2-B176-532200F04735}"
EndProject
Project("{2150E333-8FDC-42A3-9474-1A3956D46DE8}") = "Methods", "Methods", "{77A9C166-64A0-4A5B-BD41-C37AF3679E40}"
EndProject
Project("{9A19103F-16F7-4668-BE54-9A1E7A4F7556}") = "SimpleMethod", "SimpleMethod\SimpleMethod.csproj", "{C4F448F7-4AFD-440B-BD26-3276267F78E7}"
EndProject
Project("{9A19103F-16F7-4668-BE54-9A1E7A4F7556}") = "LoopCall", "LoopCall\LoopCall.csproj", "{90ED04AC-48FC-4EA8-B4C2-A86956609B8B}"
EndProject
Project("{9A19103F-16F7-4668-BE54-9A1E7A4F7556}") = "CreditCard", "CreditCard\CreditCard.csproj", "{10EA5F34-A594-4C70-BAFE-075A725A89B9}"
EndProject
Project("{9A19103F-16F7-4668-BE54-9A1E7A4F7556}") = "DeepAndDeeper", "DeepAndDeeper\DeepAndDeeper.csproj", "{A6328EC0-AB29-41EC-A22C-49560E5F64CC}"
EndProject
Project("{9A19103F-16F7-4668-BE54-9A1E7A4F7556}") = "PassArgs", "PassArgs\PassArgs.csproj", "{5D2215DB-DFEB-4E14-B605-FF8743FBEE5A}"
EndProject
Project("{9A19103F-16F7-4668-BE54-9A1E7A4F7556}") = "TestPassByValue", "TestPassByValue\TestPassByValue.csproj", "{AC87F39A-9000-4DB9-99B3-0114BB0649FB}"
EndProject
Project("{9A19103F-16F7-4668-BE54-9A1E7A4F7556}") = "TestPassByReference", "TestPassByReference\TestPassByReference.csproj", "{C09225B4-7B2F-48B1-A27D-02C78668D952}"
EndProject
Project("{9A19103F-16F7-4668-BE54-9A1E7A4F7556}") = "RockPaperScissorGame", "RockPaperScissorGame\RockPaperScissorGame.csproj", "{84F41403-77E8-48F5-A6C9-542D95F19D52}"
EndProject
Project("{2150E333-8FDC-42A3-9474-1A3956D46DE8}") = "Arrays", "Arrays", "{A83639AB-1677-4CF9-A92D-FF7293E97D4B}"
EndProject
Project("{9A19103F-16F7-4668-BE54-9A1E7A4F7556}") = "PollutionLevel", "PollutionLevel\PollutionLevel.csproj", "{2C5BE276-C3B3-4B99-ACA0-C969A285B02B}"
EndProject
Project("{9A19103F-16F7-4668-BE54-9A1E7A4F7556}") = "AverageScoreArray", "AverageScoreArray\AverageScoreArray.csproj", "{591F74BC-D7C4-4122-92BD-07CC467C4D15}"
EndProject
Project("{9A19103F-16F7-4668-BE54-9A1E7A4F7556}") = "Bar1", "Bar1\Bar1.csproj", "{014093DE-B73C-42B0-8B84-8FF45E27DB40}"
EndProject
Project("{9A19103F-16F7-4668-BE54-9A1E7A4F7556}") = "ArrayWithMethodsDemo", "ArrayWithMethodsDemo\ArrayWithMethodsDemo.csproj", "{7DA5B6B7-A1EB-4EC6-A901-DA2A6D2702E2}"
EndProject
Project("{9A19103F-16F7-4668-BE54-9A1E7A4F7556}") = "SlotMachineSimulator", "SlotMachineSimulator\SlotMachineSimulator.csproj", "{D30D7F36-1465-4A04-86D1-D6C2D9024B05}"
EndProject
Project("{9A19103F-16F7-4668-BE54-9A1E7A4F7556}") = "CSVFileReader", "CSVFileReader\CSVFileReader.csproj", "{DC012625-7D13-4F12-B924-88A185E19D28}"
EndProject
Project("{9A19103F-16F7-4668-BE54-9A1E7A4F7556}") = "NhlPlayers", "NhlPlayers\NhlPlayers.csproj", "{CC350C9A-FBBA-47F3-B1FA-B91FA0552A48}"
EndProject
Project("{2150E333-8FDC-42A3-9474-1A3956D46DE8}") = "ObjectsAndList", "ObjectsAndList", "{A4024DF2-AA3E-4968-A616-A210D279CC21}"
EndProject
Project("{9A19103F-16F7-4668-BE54-9A1E7A4F7556}") = "HockerPlayerInfo", "HockerPlayerInfo\HockerPlayerInfo.csproj", "{BF858EDA-78AF-4E0E-898C-9C05870F5260}"
EndProject
Project("{9A19103F-16F7-4668-BE54-9A1E7A4F7556}") = "RectangleDemo", "RectangleDemo\RectangleDemo.csproj", "{0675F49B-24E2-4A7C-A0FA-9BE9A2EB523A}"
EndProject
Project("{9A19103F-16F7-4668-BE54-9A1E7A4F7556}") = "TotalAreaOfHouse", "TotalAreaOfHouse\TotalAreaOfHouse.csproj", "{A23ABC11-42A7-4757-89B2-22D165644B8C}"
EndProject
Project("{9A19103F-16F7-4668-BE54-9A1E7A4F7556}") = "BodyMassIndexApp", "BodyMassIndexApp\BodyMassIndexApp.csproj", "{4AADA624-7E03-45FB-905D-F985CD846271}"
EndProject
Project("{FAE04EC0-301F-11D3-BF4B-00C04F79EFBC}") = "TvApp", "TvApp\TvApp.csproj", "{5F723552-012B-4F69-9A83-0EF89D55D13F}"
EndProject
Project("{FAE04EC0-301F-11D3-BF4B-00C04F79EFBC}") = "HockeyTeamApp", "HockeyTeamApp\HockeyTeamApp.csproj", "{6103A8F9-DD16-42B4-8E00-0B137B8A4974}"
EndProject
Global
	GlobalSection(SolutionConfigurationPlatforms) = preSolution
		Debug|Any CPU = Debug|Any CPU
		Release|Any CPU = Release|Any CPU
	EndGlobalSection
	GlobalSection(ProjectConfigurationPlatforms) = postSolution
		{59960F38-A953-4F31-81AC-DE1A3B2482E9}.Debug|Any CPU.ActiveCfg = Debug|Any CPU
		{59960F38-A953-4F31-81AC-DE1A3B2482E9}.Debug|Any CPU.Build.0 = Debug|Any CPU
		{59960F38-A953-4F31-81AC-DE1A3B2482E9}.Release|Any CPU.ActiveCfg = Release|Any CPU
		{59960F38-A953-4F31-81AC-DE1A3B2482E9}.Release|Any CPU.Build.0 = Release|Any CPU
		{473E9953-4EE8-4825-B8BA-6736B520C5B0}.Debug|Any CPU.ActiveCfg = Debug|Any CPU
		{473E9953-4EE8-4825-B8BA-6736B520C5B0}.Debug|Any CPU.Build.0 = Debug|Any CPU
		{473E9953-4EE8-4825-B8BA-6736B520C5B0}.Release|Any CPU.ActiveCfg = Release|Any CPU
		{473E9953-4EE8-4825-B8BA-6736B520C5B0}.Release|Any CPU.Build.0 = Release|Any CPU
		{FD029C17-2D38-4EC6-A0FC-7BBFA547B701}.Debug|Any CPU.ActiveCfg = Debug|Any CPU
		{FD029C17-2D38-4EC6-A0FC-7BBFA547B701}.Debug|Any CPU.Build.0 = Debug|Any CPU
		{FD029C17-2D38-4EC6-A0FC-7BBFA547B701}.Release|Any CPU.ActiveCfg = Release|Any CPU
		{FD029C17-2D38-4EC6-A0FC-7BBFA547B701}.Release|Any CPU.Build.0 = Release|Any CPU
		{3C48A2AD-61AA-4DCA-96AA-6F21D40E7644}.Debug|Any CPU.ActiveCfg = Debug|Any CPU
		{3C48A2AD-61AA-4DCA-96AA-6F21D40E7644}.Debug|Any CPU.Build.0 = Debug|Any CPU
		{3C48A2AD-61AA-4DCA-96AA-6F21D40E7644}.Release|Any CPU.ActiveCfg = Release|Any CPU
		{3C48A2AD-61AA-4DCA-96AA-6F21D40E7644}.Release|Any CPU.Build.0 = Release|Any CPU
		{D7D0C4F8-A47B-49E2-B012-3E3CCFEEDE0B}.Debug|Any CPU.ActiveCfg = Debug|Any CPU
		{D7D0C4F8-A47B-49E2-B012-3E3CCFEEDE0B}.Debug|Any CPU.Build.0 = Debug|Any CPU
		{D7D0C4F8-A47B-49E2-B012-3E3CCFEEDE0B}.Release|Any CPU.ActiveCfg = Release|Any CPU
		{D7D0C4F8-A47B-49E2-B012-3E3CCFEEDE0B}.Release|Any CPU.Build.0 = Release|Any CPU
		{BB328A64-09A5-4777-AD57-58DA17F9515B}.Debug|Any CPU.ActiveCfg = Debug|Any CPU
		{BB328A64-09A5-4777-AD57-58DA17F9515B}.Debug|Any CPU.Build.0 = Debug|Any CPU
		{BB328A64-09A5-4777-AD57-58DA17F9515B}.Release|Any CPU.ActiveCfg = Release|Any CPU
		{BB328A64-09A5-4777-AD57-58DA17F9515B}.Release|Any CPU.Build.0 = Release|Any CPU
		{834935CA-EEF5-48CF-913D-E4A3DE698BB5}.Debug|Any CPU.ActiveCfg = Debug|Any CPU
		{834935CA-EEF5-48CF-913D-E4A3DE698BB5}.Debug|Any CPU.Build.0 = Debug|Any CPU
		{834935CA-EEF5-48CF-913D-E4A3DE698BB5}.Release|Any CPU.ActiveCfg = Release|Any CPU
		{834935CA-EEF5-48CF-913D-E4A3DE698BB5}.Release|Any CPU.Build.0 = Release|Any CPU
		{5E228FAD-2D5A-4DEF-91D6-F5BAB2CAA183}.Debug|Any CPU.ActiveCfg = Debug|Any CPU
		{5E228FAD-2D5A-4DEF-91D6-F5BAB2CAA183}.Debug|Any CPU.Build.0 = Debug|Any CPU
		{5E228FAD-2D5A-4DEF-91D6-F5BAB2CAA183}.Release|Any CPU.ActiveCfg = Release|Any CPU
		{5E228FAD-2D5A-4DEF-91D6-F5BAB2CAA183}.Release|Any CPU.Build.0 = Release|Any CPU
		{CF55C255-1F73-4E58-9F73-6833C9497C76}.Debug|Any CPU.ActiveCfg = Debug|Any CPU
		{CF55C255-1F73-4E58-9F73-6833C9497C76}.Debug|Any CPU.Build.0 = Debug|Any CPU
		{CF55C255-1F73-4E58-9F73-6833C9497C76}.Release|Any CPU.ActiveCfg = Release|Any CPU
		{CF55C255-1F73-4E58-9F73-6833C9497C76}.Release|Any CPU.Build.0 = Release|Any CPU
		{6EA78688-EF93-4B36-9477-8A716988AEC2}.Debug|Any CPU.ActiveCfg = Debug|Any CPU
		{6EA78688-EF93-4B36-9477-8A716988AEC2}.Debug|Any CPU.Build.0 = Debug|Any CPU
		{6EA78688-EF93-4B36-9477-8A716988AEC2}.Release|Any CPU.ActiveCfg = Release|Any CPU
		{6EA78688-EF93-4B36-9477-8A716988AEC2}.Release|Any CPU.Build.0 = Release|Any CPU
		{2AD5DCB0-17C3-4A73-8622-A4418346497C}.Debug|Any CPU.ActiveCfg = Debug|Any CPU
		{2AD5DCB0-17C3-4A73-8622-A4418346497C}.Debug|Any CPU.Build.0 = Debug|Any CPU
		{2AD5DCB0-17C3-4A73-8622-A4418346497C}.Release|Any CPU.ActiveCfg = Release|Any CPU
		{2AD5DCB0-17C3-4A73-8622-A4418346497C}.Release|Any CPU.Build.0 = Release|Any CPU
		{D2F67F15-004C-4EA2-B176-532200F04735}.Debug|Any CPU.ActiveCfg = Debug|Any CPU
		{D2F67F15-004C-4EA2-B176-532200F04735}.Debug|Any CPU.Build.0 = Debug|Any CPU
		{D2F67F15-004C-4EA2-B176-532200F04735}.Release|Any CPU.ActiveCfg = Release|Any CPU
		{D2F67F15-004C-4EA2-B176-532200F04735}.Release|Any CPU.Build.0 = Release|Any CPU
		{C4F448F7-4AFD-440B-BD26-3276267F78E7}.Debug|Any CPU.ActiveCfg = Debug|Any CPU
		{C4F448F7-4AFD-440B-BD26-3276267F78E7}.Debug|Any CPU.Build.0 = Debug|Any CPU
		{C4F448F7-4AFD-440B-BD26-3276267F78E7}.Release|Any CPU.ActiveCfg = Release|Any CPU
		{C4F448F7-4AFD-440B-BD26-3276267F78E7}.Release|Any CPU.Build.0 = Release|Any CPU
		{90ED04AC-48FC-4EA8-B4C2-A86956609B8B}.Debug|Any CPU.ActiveCfg = Debug|Any CPU
		{90ED04AC-48FC-4EA8-B4C2-A86956609B8B}.Debug|Any CPU.Build.0 = Debug|Any CPU
		{90ED04AC-48FC-4EA8-B4C2-A86956609B8B}.Release|Any CPU.ActiveCfg = Release|Any CPU
		{90ED04AC-48FC-4EA8-B4C2-A86956609B8B}.Release|Any CPU.Build.0 = Release|Any CPU
		{10EA5F34-A594-4C70-BAFE-075A725A89B9}.Debug|Any CPU.ActiveCfg = Debug|Any CPU
		{10EA5F34-A594-4C70-BAFE-075A725A89B9}.Debug|Any CPU.Build.0 = Debug|Any CPU
		{10EA5F34-A594-4C70-BAFE-075A725A89B9}.Release|Any CPU.ActiveCfg = Release|Any CPU
		{10EA5F34-A594-4C70-BAFE-075A725A89B9}.Release|Any CPU.Build.0 = Release|Any CPU
		{A6328EC0-AB29-41EC-A22C-49560E5F64CC}.Debug|Any CPU.ActiveCfg = Debug|Any CPU
		{A6328EC0-AB29-41EC-A22C-49560E5F64CC}.Debug|Any CPU.Build.0 = Debug|Any CPU
		{A6328EC0-AB29-41EC-A22C-49560E5F64CC}.Release|Any CPU.ActiveCfg = Release|Any CPU
		{A6328EC0-AB29-41EC-A22C-49560E5F64CC}.Release|Any CPU.Build.0 = Release|Any CPU
		{5D2215DB-DFEB-4E14-B605-FF8743FBEE5A}.Debug|Any CPU.ActiveCfg = Debug|Any CPU
		{5D2215DB-DFEB-4E14-B605-FF8743FBEE5A}.Debug|Any CPU.Build.0 = Debug|Any CPU
		{5D2215DB-DFEB-4E14-B605-FF8743FBEE5A}.Release|Any CPU.ActiveCfg = Release|Any CPU
		{5D2215DB-DFEB-4E14-B605-FF8743FBEE5A}.Release|Any CPU.Build.0 = Release|Any CPU
		{AC87F39A-9000-4DB9-99B3-0114BB0649FB}.Debug|Any CPU.ActiveCfg = Debug|Any CPU
		{AC87F39A-9000-4DB9-99B3-0114BB0649FB}.Debug|Any CPU.Build.0 = Debug|Any CPU
		{AC87F39A-9000-4DB9-99B3-0114BB0649FB}.Release|Any CPU.ActiveCfg = Release|Any CPU
		{AC87F39A-9000-4DB9-99B3-0114BB0649FB}.Release|Any CPU.Build.0 = Release|Any CPU
		{C09225B4-7B2F-48B1-A27D-02C78668D952}.Debug|Any CPU.ActiveCfg = Debug|Any CPU
		{C09225B4-7B2F-48B1-A27D-02C78668D952}.Debug|Any CPU.Build.0 = Debug|Any CPU
		{C09225B4-7B2F-48B1-A27D-02C78668D952}.Release|Any CPU.ActiveCfg = Release|Any CPU
		{C09225B4-7B2F-48B1-A27D-02C78668D952}.Release|Any CPU.Build.0 = Release|Any CPU
		{84F41403-77E8-48F5-A6C9-542D95F19D52}.Debug|Any CPU.ActiveCfg = Debug|Any CPU
		{84F41403-77E8-48F5-A6C9-542D95F19D52}.Debug|Any CPU.Build.0 = Debug|Any CPU
		{84F41403-77E8-48F5-A6C9-542D95F19D52}.Release|Any CPU.ActiveCfg = Release|Any CPU
		{84F41403-77E8-48F5-A6C9-542D95F19D52}.Release|Any CPU.Build.0 = Release|Any CPU
		{2C5BE276-C3B3-4B99-ACA0-C969A285B02B}.Debug|Any CPU.ActiveCfg = Debug|Any CPU
		{2C5BE276-C3B3-4B99-ACA0-C969A285B02B}.Debug|Any CPU.Build.0 = Debug|Any CPU
		{2C5BE276-C3B3-4B99-ACA0-C969A285B02B}.Release|Any CPU.ActiveCfg = Release|Any CPU
		{2C5BE276-C3B3-4B99-ACA0-C969A285B02B}.Release|Any CPU.Build.0 = Release|Any CPU
		{591F74BC-D7C4-4122-92BD-07CC467C4D15}.Debug|Any CPU.ActiveCfg = Debug|Any CPU
		{591F74BC-D7C4-4122-92BD-07CC467C4D15}.Debug|Any CPU.Build.0 = Debug|Any CPU
		{591F74BC-D7C4-4122-92BD-07CC467C4D15}.Release|Any CPU.ActiveCfg = Release|Any CPU
		{591F74BC-D7C4-4122-92BD-07CC467C4D15}.Release|Any CPU.Build.0 = Release|Any CPU
		{014093DE-B73C-42B0-8B84-8FF45E27DB40}.Debug|Any CPU.ActiveCfg = Debug|Any CPU
		{014093DE-B73C-42B0-8B84-8FF45E27DB40}.Debug|Any CPU.Build.0 = Debug|Any CPU
		{014093DE-B73C-42B0-8B84-8FF45E27DB40}.Release|Any CPU.ActiveCfg = Release|Any CPU
		{014093DE-B73C-42B0-8B84-8FF45E27DB40}.Release|Any CPU.Build.0 = Release|Any CPU
		{7DA5B6B7-A1EB-4EC6-A901-DA2A6D2702E2}.Debug|Any CPU.ActiveCfg = Debug|Any CPU
		{7DA5B6B7-A1EB-4EC6-A901-DA2A6D2702E2}.Debug|Any CPU.Build.0 = Debug|Any CPU
		{7DA5B6B7-A1EB-4EC6-A901-DA2A6D2702E2}.Release|Any CPU.ActiveCfg = Release|Any CPU
		{7DA5B6B7-A1EB-4EC6-A901-DA2A6D2702E2}.Release|Any CPU.Build.0 = Release|Any CPU
		{D30D7F36-1465-4A04-86D1-D6C2D9024B05}.Debug|Any CPU.ActiveCfg = Debug|Any CPU
		{D30D7F36-1465-4A04-86D1-D6C2D9024B05}.Debug|Any CPU.Build.0 = Debug|Any CPU
		{D30D7F36-1465-4A04-86D1-D6C2D9024B05}.Release|Any CPU.ActiveCfg = Release|Any CPU
		{D30D7F36-1465-4A04-86D1-D6C2D9024B05}.Release|Any CPU.Build.0 = Release|Any CPU
		{DC012625-7D13-4F12-B924-88A185E19D28}.Debug|Any CPU.ActiveCfg = Debug|Any CPU
		{DC012625-7D13-4F12-B924-88A185E19D28}.Debug|Any CPU.Build.0 = Debug|Any CPU
		{DC012625-7D13-4F12-B924-88A185E19D28}.Release|Any CPU.ActiveCfg = Release|Any CPU
		{DC012625-7D13-4F12-B924-88A185E19D28}.Release|Any CPU.Build.0 = Release|Any CPU
		{CC350C9A-FBBA-47F3-B1FA-B91FA0552A48}.Debug|Any CPU.ActiveCfg = Debug|Any CPU
		{CC350C9A-FBBA-47F3-B1FA-B91FA0552A48}.Debug|Any CPU.Build.0 = Debug|Any CPU
		{CC350C9A-FBBA-47F3-B1FA-B91FA0552A48}.Release|Any CPU.ActiveCfg = Release|Any CPU
		{CC350C9A-FBBA-47F3-B1FA-B91FA0552A48}.Release|Any CPU.Build.0 = Release|Any CPU
		{BF858EDA-78AF-4E0E-898C-9C05870F5260}.Debug|Any CPU.ActiveCfg = Debug|Any CPU
		{BF858EDA-78AF-4E0E-898C-9C05870F5260}.Debug|Any CPU.Build.0 = Debug|Any CPU
		{BF858EDA-78AF-4E0E-898C-9C05870F5260}.Release|Any CPU.ActiveCfg = Release|Any CPU
		{BF858EDA-78AF-4E0E-898C-9C05870F5260}.Release|Any CPU.Build.0 = Release|Any CPU
		{0675F49B-24E2-4A7C-A0FA-9BE9A2EB523A}.Debug|Any CPU.ActiveCfg = Debug|Any CPU
		{0675F49B-24E2-4A7C-A0FA-9BE9A2EB523A}.Debug|Any CPU.Build.0 = Debug|Any CPU
		{0675F49B-24E2-4A7C-A0FA-9BE9A2EB523A}.Release|Any CPU.ActiveCfg = Release|Any CPU
		{0675F49B-24E2-4A7C-A0FA-9BE9A2EB523A}.Release|Any CPU.Build.0 = Release|Any CPU
		{A23ABC11-42A7-4757-89B2-22D165644B8C}.Debug|Any CPU.ActiveCfg = Debug|Any CPU
		{A23ABC11-42A7-4757-89B2-22D165644B8C}.Debug|Any CPU.Build.0 = Debug|Any CPU
		{A23ABC11-42A7-4757-89B2-22D165644B8C}.Release|Any CPU.ActiveCfg = Release|Any CPU
		{A23ABC11-42A7-4757-89B2-22D165644B8C}.Release|Any CPU.Build.0 = Release|Any CPU
		{4AADA624-7E03-45FB-905D-F985CD846271}.Debug|Any CPU.ActiveCfg = Debug|Any CPU
		{4AADA624-7E03-45FB-905D-F985CD846271}.Debug|Any CPU.Build.0 = Debug|Any CPU
		{4AADA624-7E03-45FB-905D-F985CD846271}.Release|Any CPU.ActiveCfg = Release|Any CPU
		{4AADA624-7E03-45FB-905D-F985CD846271}.Release|Any CPU.Build.0 = Release|Any CPU
		{5F723552-012B-4F69-9A83-0EF89D55D13F}.Debug|Any CPU.ActiveCfg = Debug|Any CPU
		{5F723552-012B-4F69-9A83-0EF89D55D13F}.Debug|Any CPU.Build.0 = Debug|Any CPU
		{5F723552-012B-4F69-9A83-0EF89D55D13F}.Release|Any CPU.ActiveCfg = Release|Any CPU
		{5F723552-012B-4F69-9A83-0EF89D55D13F}.Release|Any CPU.Build.0 = Release|Any CPU
		{6103A8F9-DD16-42B4-8E00-0B137B8A4974}.Debug|Any CPU.ActiveCfg = Debug|Any CPU
		{6103A8F9-DD16-42B4-8E00-0B137B8A4974}.Debug|Any CPU.Build.0 = Debug|Any CPU
		{6103A8F9-DD16-42B4-8E00-0B137B8A4974}.Release|Any CPU.ActiveCfg = Release|Any CPU
		{6103A8F9-DD16-42B4-8E00-0B137B8A4974}.Release|Any CPU.Build.0 = Release|Any CPU
	EndGlobalSection
	GlobalSection(SolutionProperties) = preSolution
		HideSolutionNode = FALSE
	EndGlobalSection
	GlobalSection(NestedProjects) = preSolution
		{59960F38-A953-4F31-81AC-DE1A3B2482E9} = {DC2B6809-8C1D-41A5-80E5-8C26246E018A}
		{473E9953-4EE8-4825-B8BA-6736B520C5B0} = {DC2B6809-8C1D-41A5-80E5-8C26246E018A}
		{FD029C17-2D38-4EC6-A0FC-7BBFA547B701} = {DC2B6809-8C1D-41A5-80E5-8C26246E018A}
		{3C48A2AD-61AA-4DCA-96AA-6F21D40E7644} = {DC2B6809-8C1D-41A5-80E5-8C26246E018A}
		{D7D0C4F8-A47B-49E2-B012-3E3CCFEEDE0B} = {DC2B6809-8C1D-41A5-80E5-8C26246E018A}
		{BB328A64-09A5-4777-AD57-58DA17F9515B} = {DC2B6809-8C1D-41A5-80E5-8C26246E018A}
		{834935CA-EEF5-48CF-913D-E4A3DE698BB5} = {35CC72C4-0B34-460A-A710-AB5F269E4D5C}
		{5E228FAD-2D5A-4DEF-91D6-F5BAB2CAA183} = {DC2B6809-8C1D-41A5-80E5-8C26246E018A}
		{CF55C255-1F73-4E58-9F73-6833C9497C76} = {35CC72C4-0B34-460A-A710-AB5F269E4D5C}
		{6EA78688-EF93-4B36-9477-8A716988AEC2} = {35CC72C4-0B34-460A-A710-AB5F269E4D5C}
		{2AD5DCB0-17C3-4A73-8622-A4418346497C} = {35CC72C4-0B34-460A-A710-AB5F269E4D5C}
		{D2F67F15-004C-4EA2-B176-532200F04735} = {35CC72C4-0B34-460A-A710-AB5F269E4D5C}
		{C4F448F7-4AFD-440B-BD26-3276267F78E7} = {77A9C166-64A0-4A5B-BD41-C37AF3679E40}
		{90ED04AC-48FC-4EA8-B4C2-A86956609B8B} = {77A9C166-64A0-4A5B-BD41-C37AF3679E40}
		{10EA5F34-A594-4C70-BAFE-075A725A89B9} = {77A9C166-64A0-4A5B-BD41-C37AF3679E40}
		{A6328EC0-AB29-41EC-A22C-49560E5F64CC} = {77A9C166-64A0-4A5B-BD41-C37AF3679E40}
		{5D2215DB-DFEB-4E14-B605-FF8743FBEE5A} = {77A9C166-64A0-4A5B-BD41-C37AF3679E40}
		{AC87F39A-9000-4DB9-99B3-0114BB0649FB} = {77A9C166-64A0-4A5B-BD41-C37AF3679E40}
		{C09225B4-7B2F-48B1-A27D-02C78668D952} = {77A9C166-64A0-4A5B-BD41-C37AF3679E40}
		{84F41403-77E8-48F5-A6C9-542D95F19D52} = {77A9C166-64A0-4A5B-BD41-C37AF3679E40}
		{2C5BE276-C3B3-4B99-ACA0-C969A285B02B} = {A83639AB-1677-4CF9-A92D-FF7293E97D4B}
		{591F74BC-D7C4-4122-92BD-07CC467C4D15} = {A83639AB-1677-4CF9-A92D-FF7293E97D4B}
		{014093DE-B73C-42B0-8B84-8FF45E27DB40} = {A83639AB-1677-4CF9-A92D-FF7293E97D4B}
		{7DA5B6B7-A1EB-4EC6-A901-DA2A6D2702E2} = {A83639AB-1677-4CF9-A92D-FF7293E97D4B}
		{D30D7F36-1465-4A04-86D1-D6C2D9024B05} = {A83639AB-1677-4CF9-A92D-FF7293E97D4B}
		{DC012625-7D13-4F12-B924-88A185E19D28} = {A83639AB-1677-4CF9-A92D-FF7293E97D4B}
		{CC350C9A-FBBA-47F3-B1FA-B91FA0552A48} = {A83639AB-1677-4CF9-A92D-FF7293E97D4B}
		{BF858EDA-78AF-4E0E-898C-9C05870F5260} = {A4024DF2-AA3E-4968-A616-A210D279CC21}
		{0675F49B-24E2-4A7C-A0FA-9BE9A2EB523A} = {A4024DF2-AA3E-4968-A616-A210D279CC21}
		{A23ABC11-42A7-4757-89B2-22D165644B8C} = {A4024DF2-AA3E-4968-A616-A210D279CC21}
		{4AADA624-7E03-45FB-905D-F985CD846271} = {A4024DF2-AA3E-4968-A616-A210D279CC21}
		{5F723552-012B-4F69-9A83-0EF89D55D13F} = {A4024DF2-AA3E-4968-A616-A210D279CC21}
		{6103A8F9-DD16-42B4-8E00-0B137B8A4974} = {A4024DF2-AA3E-4968-A616-A210D279CC21}
	EndGlobalSection
	GlobalSection(ExtensibilityGlobals) = postSolution
		SolutionGuid = {371152C0-7764-447D-9046-16D89BF48283}
	EndGlobalSection
EndGlobal
